github.com/eliben/watgo v0.8.0 h1:ztDRM0l57ZddUIxdBMk9uXRJeetwfaORK+xmUl+3a1k=
github.com/eliben/watgo v0.8.0/go.mod h1:bGzjtoRhlWSviwGA8Hhl1z8Jcv7s4ogE3oi2cS1IffE=
github.com/google/go-cmp v0.7.0 h1:wk8382ETsv4JYUZwIsn6YpYiWiBsYLSJiTsyBybVuN8=
github.com/google/go-cmp v0.7.0/go.mod h1:pXiqmnSA92OHEEa9HXL2W4E7lf9JzCmGVUdgjX3N/iU=
github.com/zeebo/assert v1.3.0 h1:g7C04CbJuIDKNPFHmsk4hwZDO5O+kntRxzaUoNXj+IQ=
github.com/zeebo/assert v1.3.0/go.mod h1:Pq9JiuJQpG8JLJdtkwrJESF0Foym2/D9XMU5ciN/wJ0=
github.com/zeebo/clingy v0.0.0-20260119143559-4d23ffb0341b h1:5NOZyyWdk4VEXOLWMzpVCz9iTpdnU7V5HOu2k7kCOiE=
github.com/zeebo/clingy v0.0.0-20260119143559-4d23ffb0341b/go.mod h1:MHEhXvEfewflU7SSVKHI7nkdU+fpyxZ5XPPzj+5gYNw=
github.com/zeebo/errs/v2 v2.0.3/go.mod h1:OKmvVZt4UqpyJrYFykDKm168ZquJ55pbbIVUICNmLN0=
github.com/zeebo/errs/v2 v2.0.5 h1:edtyFoQq9OBBsNPcu0b0wHtRvA8haukAHrGyOfWQGNI=
github.com/zeebo/errs/v2 v2.0.5/go.mod h1:OKmvVZt4UqpyJrYFykDKm168ZquJ55pbbIVUICNmLN0=
golang.org/x/arch v0.30.0 h1:sB9h+1gRGa2+LauFSV0tm8bK1J2yo1bx6/Uyi/P6DTU=
golang.org/x/arch v0.30.0/go.mod h1:0X+GdSIP+kL5wPmpK7sdkEVTt2XoYP0cSjQSbZBwOi8=
golang.org/x/sync v0.22.0 h1:SZjpbeLmrCk4xhRSZFNZW5gFUeCeFgjekvI/+gfScek=
golang.org/x/sync v0.22.0/go.mod h1:9xrNwdLfx4jkKbNva9FpL6vEN7evnE43NNNJQ2LF3+0=
