github.com/eliben/watgo v0.8.1-0.20260901165006-3a8e42bd7f8a h1:+c1sExCBHrKJKoVI+WnddRqzmuw9TSD3qan72jSO5HM=
github.com/eliben/watgo v0.8.1-0.20260901165006-3a8e42bd7f8a/go.mod h1:E3vo1W8MC8Sx4LhuGJmNZit9bHVRG4CorpYsxUN+39M=
github.com/google/go-cmp v0.7.0 h1:wk8382ETsv4JYUZwIsn6YpYiWiBsYLSJiTsyBybVuN8=
github.com/google/go-cmp v0.7.0/go.mod h1:pXiqmnSA92OHEEa9HXL2W4E7lf9JzCmGVUdgjX3N/iU=
github.com/ianlancetaylor/demangle v0.0.0-20260724033716-83e58baca724 h1:QixF8Mcbe87ET7pK/fPbBJ9GXFddmEY8yYMepzMzo30=
github.com/ianlancetaylor/demangle v0.0.0-20260724033716-83e58baca724/go.mod h1:gx7rwoVhcfuVKG5uya9Hs3Sxj7EIvldVofAWIUtGouw=
github.com/loov/disasm v0.1.3 h1:Mj9zS+lPwffrzEvDWIaQ4AtZsW7xMSvXlV7H2wgxbE8=
github.com/loov/disasm v0.1.3/go.mod h1:WsMfHvJbSGiuZPOicP1ajfU3gHwDYrYjBIO7O8jdHeY=
github.com/zeebo/assert v1.3.0 h1:g7C04CbJuIDKNPFHmsk4hwZDO5O+kntRxzaUoNXj+IQ=
github.com/zeebo/assert v1.3.0/go.mod h1:Pq9JiuJQpG8JLJdtkwrJESF0Foym2/D9XMU5ciN/wJ0=
github.com/zeebo/clingy v0.0.0-20260908180858-32a9e61e718e h1:PsLYYMKHqJgYbIkFspHPklU+4VDqMLjI/n7+jqaUgVY=
github.com/zeebo/clingy v0.0.0-20260908180858-32a9e61e718e/go.mod h1:UYtPwAnfxW957MVe+h9FNm9JNWBh9eLjy4O8n/WOmZ0=
github.com/zeebo/errs/v2 v2.0.5 h1:edtyFoQq9OBBsNPcu0b0wHtRvA8haukAHrGyOfWQGNI=
github.com/zeebo/errs/v2 v2.0.5/go.mod h1:OKmvVZt4UqpyJrYFykDKm168ZquJ55pbbIVUICNmLN0=
golang.org/x/arch v0.30.0 h1:sB9h+1gRGa2+LauFSV0tm8bK1J2yo1bx6/Uyi/P6DTU=
golang.org/x/arch v0.30.0/go.mod h1:0X+GdSIP+kL5wPmpK7sdkEVTt2XoYP0cSjQSbZBwOi8=
golang.org/x/sync v0.22.0 h1:SZjpbeLmrCk4xhRSZFNZW5gFUeCeFgjekvI/+gfScek=
golang.org/x/sync v0.22.0/go.mod h1:9xrNwdLfx4jkKbNva9FpL6vEN7evnE43NNNJQ2LF3+0=
